
Microsoft Visual Studio Solution File, Format Version 12.00
# Visual Studio Version 16
VisualStudioVersion = 16.0.30611.23
MinimumVisualStudioVersion = 10.0.40219.1
Project("{8BC9CEB8-8B4A-11D0-8D11-00A0C91BC942}") = "Project2", "Project2.vcxproj", "{AB81AC65-BBBB-4B4F-A5EB-F3B2B807F98E}"
EndProject
Global
	GlobalSection(SolutionConfigurationPlatforms) = preSolution
		Debug|x64 = Debug|x64
		Debug|x86 = Debug|x86
		Release|x64 = Release|x64
		Release|x86 = Release|x86
	EndGlobalSection
	GlobalSection(ProjectConfigurationPlatforms) = postSolution
		{AB81AC65-BBBB-4B4F-A5EB-F3B2B807F98E}.Debug|x64.ActiveCfg = Debug|x64
		{AB81AC65-BBBB-4B4F-A5EB-F3B2B807F98E}.Debug|x64.Build.0 = Debug|x64
		{AB81AC65-BBBB-4B4F-A5EB-F3B2B807F98E}.Debug|x86.ActiveCfg = Debug|Win32
		{AB81AC65-BBBB-4B4F-A5EB-F3B2B807F98E}.Debug|x86.Build.0 = Debug|Win32
		{AB81AC65-BBBB-4B4F-A5EB-F3B2B807F98E}.Release|x64.ActiveCfg = Release|x64
		{AB81AC65-BBBB-4B4F-A5EB-F3B2B807F98E}.Release|x64.Build.0 = Release|x64
		{AB81AC65-BBBB-4B4F-A5EB-F3B2B807F98E}.Release|x86.ActiveCfg = Release|Win32
		{AB81AC65-BBBB-4B4F-A5EB-F3B2B807F98E}.Release|x86.Build.0 = Release|Win32
	EndGlobalSection
	GlobalSection(SolutionProperties) = preSolution
		HideSolutionNode = FALSE
	EndGlobalSection
	GlobalSection(ExtensibilityGlobals) = postSolution
		SolutionGuid = {0603956D-8747-4C13-94A2-6A1007C494C7}
	EndGlobalSection
EndGlobal
